PODS:
  - CFAToolKit (0.1.0):
    - CFAToolKit/Basic (= 0.1.0)
    - CFAToolKit/CustomUI (= 0.1.0)
    - CFAToolKit/Service (= 0.1.0)
  - CFAToolKit/Basic (0.1.0)
  - CFAToolKit/CustomUI (0.1.0)
  - CFAToolKit/Service (0.1.0)

DEPENDENCIES:
  - CFAToolKit (from `../`)

EXTERNAL SOURCES:
  CFAToolKit:
    :path: ../

SPEC CHECKSUMS:
  CFAToolKit: a88c42e64182748da8dff1aa25a7bbf45ae51436

COCOAPODS: 0.38.2
